// !$*UTF8*$!
{
	archiveVersion = 1;
	classes = {
	};
	objectVersion = 56;
	objects = {

/* Begin PBXBuildFile section */
		CD050BD72EF0A34600027BD5 /* ProfileView.swift in Sources */ = {isa = PBXBuildFile; fileRef = CD050BD62EF0A34600027BD5 /* ProfileView.swift */; };
		CD050BD92EF147E100027BD5 /* SettingsRow.swift in Sources */ = {isa = PBXBuildFile; fileRef = CD050BD82EF147E100027BD5 /* SettingsRow.swift */; };
		CD050BDE2EF14B6B00027BD5 /* User.swift in Sources */ = {isa = PBXBuildFile; fileRef = CD050BDD2EF14B6B00027BD5 /* User.swift */; };
		CDE2E1F02EED6F32004B8FF0 /* LoginView.swift in Sources */ = {isa = PBXBuildFile; fileRef = CDE2E1EF2EED6F32004B8FF0 /* LoginView.swift */; };
		CDE2E1F22EEE8A2D004B8FF0 /* ForumField.swift in Sources */ = {isa = PBXBuildFile; fileRef = CDE2E1F12EEE8A2C004B8FF0 /* ForumField.swift */; };
		CDE2E1F42EEEB4F9004B8FF0 /* RegistrationView.swift in Sources */ = {isa = PBXBuildFile; fileRef = CDE2E1F32EEEB4F9004B8FF0 /* RegistrationView.swift */; };
		CDF71A2B2EEC2F89005A5730 /* Modern_Sign_In_UpApp.swift in Sources */ = {isa = PBXBuildFile; fileRef = CDF71A2A2EEC2F89005A5730 /* Modern_Sign_In_UpApp.swift */; };
		CDF71A2D2EEC2F89005A5730 /* ContentView.swift in Sources */ = {isa = PBXBuildFile; fileRef = CDF71A2C2EEC2F89005A5730 /* ContentView.swift */; };
		CDF71A2F2EEC2F89005A5730 /* Item.swift in Sources */ = {isa = PBXBuildFile; fileRef = CDF71A2E2EEC2F89005A5730 /* Item.swift */; };
		CDF71A312EEC2F8D005A5730 /* Assets.xcassets in Resources */ = {isa = PBXBuildFile; fileRef = CDF71A302EEC2F8D005A5730 /* Assets.xcassets */; };
		CDF71A342EEC2F8D005A5730 /* Preview Assets.xcassets in Resources */ = {isa = PBXBuildFile; fileRef = CDF71A332EEC2F8D005A5730 /* Preview Assets.xcassets */; };
/* End PBXBuildFile section */

/* Begin PBXFileReference section */
		CD050BD62EF0A34600027BD5 /* ProfileView.swift */ = {isa = PBXFileReference; lastKnownFileType = sourcecode.swift; path = ProfileView.swift; sourceTree = "<group>"; };
		CD050BD82EF147E100027BD5 /* SettingsRow.swift */ = {isa = PBXFileReference; lastKnownFileType = sourcecode.swift; path = SettingsRow.swift; sourceTree = "<group>"; };
		CD050BDD2EF14B6B00027BD5 /* User.swift */ = {isa = PBXFileReference; lastKnownFileType = sourcecode.swift; path = User.swift; sourceTree = "<group>"; };
		CDE2E1EF2EED6F32004B8FF0 /* LoginView.swift */ = {isa = PBXFileReference; lastKnownFileType = sourcecode.swift; path = LoginView.swift; sourceTree = "<group>"; };
		CDE2E1F12EEE8A2C004B8FF0 /* ForumField.swift */ = {isa = PBXFileReference; lastKnownFileType = sourcecode.swift; path = ForumField.swift; sourceTree = "<group>"; };
		CDE2E1F32EEEB4F9004B8FF0 /* RegistrationView.swift */ = {isa = PBXFileReference; lastKnownFileType = sourcecode.swift; path = RegistrationView.swift; sourceTree = "<group>"; };
		CDF71A272EEC2F89005A5730 /* Modern-Sign-In-Up.app */ = {isa = PBXFileReference; explicitFileType = wrapper.application; includeInIndex = 0; path = "Modern-Sign-In-Up.app"; sourceTree = BUILT_PRODUCTS_DIR; };
		CDF71A2A2EEC2F89005A5730 /* Modern_Sign_In_UpApp.swift */ = {isa = PBXFileReference; lastKnownFileType = sourcecode.swift; path = Modern_Sign_In_UpApp.swift; sourceTree = "<group>"; };
		CDF71A2C2EEC2F89005A5730 /* ContentView.swift */ = {isa = PBXFileReference; lastKnownFileType = sourcecode.swift; path = ContentView.swift; sourceTree = "<group>"; };
		CDF71A2E2EEC2F89005A5730 /* Item.swift */ = {isa = PBXFileReference; lastKnownFileType = sourcecode.swift; path = Item.swift; sourceTree = "<group>"; };
		CDF71A302EEC2F8D005A5730 /* Assets.xcassets */ = {isa = PBXFileReference; lastKnownFileType = folder.assetcatalog; path = Assets.xcassets; sourceTree = "<group>"; };
		CDF71A332EEC2F8D005A5730 /* Preview Assets.xcassets */ = {isa = PBXFileReference; lastKnownFileType = folder.assetcatalog; path = "Preview Assets.xcassets"; sourceTree = "<group>"; };
/* End PBXFileReference section */

/* Begin PBXFrameworksBuildPhase section */
		CDF71A242EEC2F89005A5730 /* Frameworks */ = {
			isa = PBXFrameworksBuildPhase;
			buildActionMask = 2147483647;
			files = (
			);
			runOnlyForDeploymentPostprocessing = 0;
		};
/* End PBXFrameworksBuildPhase section */

/* Begin PBXGroup section */
		CDE2E1E62EED6DF6004B8FF0 /* App */ = {
			isa = PBXGroup;
			children = (
			);
			path = App;
			sourceTree = "<group>";
		};
		CDE2E1E92EED6E8D004B8FF0 /* Components */ = {
			isa = PBXGroup;
			children = (
				CDE2E1F12EEE8A2C004B8FF0 /* ForumField.swift */,
				CD050BD82EF147E100027BD5 /* SettingsRow.swift */,
			);
			path = Components;
			sourceTree = "<group>";
		};
		CDE2E1EA2EED6E96004B8FF0 /* Root */ = {
			isa = PBXGroup;
			children = (
				CDF71A2C2EEC2F89005A5730 /* ContentView.swift */,
			);
			path = Root;
			sourceTree = "<group>";
		};
		CDE2E1EB2EED6EA2004B8FF0 /* Profile */ = {
			isa = PBXGroup;
			children = (
				CD050BD62EF0A34600027BD5 /* ProfileView.swift */,
			);
			path = Profile;
			sourceTree = "<group>";
		};
		CDE2E1EC2EED6EA9004B8FF0 /* Authentication */ = {
			isa = PBXGroup;
			children = (
				CDE2E1EF2EED6F32004B8FF0 /* LoginView.swift */,
				CDE2E1F32EEEB4F9004B8FF0 /* RegistrationView.swift */,
			);
			path = Authentication;
			sourceTree = "<group>";
		};
		CDE2E1ED2EED6EC1004B8FF0 /* Core */ = {
			isa = PBXGroup;
			children = (
				CDE2E1EC2EED6EA9004B8FF0 /* Authentication */,
				CDE2E1EA2EED6E96004B8FF0 /* Root */,
				CDE2E1EB2EED6EA2004B8FF0 /* Profile */,
			);
			path = Core;
			sourceTree = "<group>";
		};
		CDE2E1EE2EED6F07004B8FF0 /* Model */ = {
			isa = PBXGroup;
			children = (
				CD050BDD2EF14B6B00027BD5 /* User.swift */,
			);
			path = Model;
			sourceTree = "<group>";
		};
		CDF71A1E2EEC2F89005A5730 = {
			isa = PBXGroup;
			children = (
				CDF71A292EEC2F89005A5730 /* Modern-Sign-In-Up */,
				CDF71A282EEC2F89005A5730 /* Products */,
			);
			sourceTree = "<group>";
		};
		CDF71A282EEC2F89005A5730 /* Products */ = {
			isa = PBXGroup;
			children = (
				CDF71A272EEC2F89005A5730 /* Modern-Sign-In-Up.app */,
			);
			name = Products;
			sourceTree = "<group>";
		};
		CDF71A292EEC2F89005A5730 /* Modern-Sign-In-Up */ = {
			isa = PBXGroup;
			children = (
				CDE2E1E62EED6DF6004B8FF0 /* App */,
				CDE2E1E92EED6E8D004B8FF0 /* Components */,
				CDE2E1ED2EED6EC1004B8FF0 /* Core */,
				CDE2E1EE2EED6F07004B8FF0 /* Model */,
				CDF71A2A2EEC2F89005A5730 /* Modern_Sign_In_UpApp.swift */,
				CDF71A2E2EEC2F89005A5730 /* Item.swift */,
				CDF71A302EEC2F8D005A5730 /* Assets.xcassets */,
				CDF71A322EEC2F8D005A5730 /* Preview Content */,
			);
			path = "Modern-Sign-In-Up";
			sourceTree = "<group>";
		};
		CDF71A322EEC2F8D005A5730 /* Preview Content */ = {
			isa = PBXGroup;
			children = (
				CDF71A332EEC2F8D005A5730 /* Preview Assets.xcassets */,
			);
			path = "Preview Content";
			sourceTree = "<group>";
		};
/* End PBXGroup section */

/* Begin PBXNativeTarget section */
		CDF71A262EEC2F89005A5730 /* Modern-Sign-In-Up */ = {
			isa = PBXNativeTarget;
			buildConfigurationList = CDF71A372EEC2F8D005A5730 /* Build configuration list for PBXNativeTarget "Modern-Sign-In-Up" */;
			buildPhases = (
				CDF71A232EEC2F89005A5730 /* Sources */,
				CDF71A242EEC2F89005A5730 /* Frameworks */,
				CDF71A252EEC2F89005A5730 /* Resources */,
			);
			buildRules = (
			);
			dependencies = (
			);
			name = "Modern-Sign-In-Up";
			productName = "Modern-Sign-In-Up";
			productReference = CDF71A272EEC2F89005A5730 /* Modern-Sign-In-Up.app */;
			productType = "com.apple.product-type.application";
		};
/* End PBXNativeTarget section */

/* Begin PBXProject section */
		CDF71A1F2EEC2F89005A5730 /* Project object */ = {
			isa = PBXProject;
			attributes = {
				BuildIndependentTargetsInParallel = 1;
				LastSwiftUpdateCheck = 1530;
				LastUpgradeCheck = 1530;
				TargetAttributes = {
					CDF71A262EEC2F89005A5730 = {
						CreatedOnToolsVersion = 15.3;
					};
				};
			};
			buildConfigurationList = CDF71A222EEC2F89005A5730 /* Build configuration list for PBXProject "Modern-Sign-In-Up" */;
			compatibilityVersion = "Xcode 14.0";
			developmentRegion = en;
			hasScannedForEncodings = 0;
			knownRegions = (
				en,
				Base,
			);
			mainGroup = CDF71A1E2EEC2F89005A5730;
			productRefGroup = CDF71A282EEC2F89005A5730 /* Products */;
			projectDirPath = "";
			projectRoot = "";
			targets = (
				CDF71A262EEC2F89005A5730 /* Modern-Sign-In-Up */,
			);
		};
/* End PBXProject section */

/* Begin PBXResourcesBuildPhase section */
		CDF71A252EEC2F89005A5730 /* Resources */ = {
			isa = PBXResourcesBuildPhase;
			buildActionMask = 2147483647;
			files = (
				CDF71A342EEC2F8D005A5730 /* Preview Assets.xcassets in Resources */,
				CDF71A312EEC2F8D005A5730 /* Assets.xcassets in Resources */,
			);
			runOnlyForDeploymentPostprocessing = 0;
		};
/* End PBXResourcesBuildPhase section */

/* Begin PBXSourcesBuildPhase section */
		CDF71A232EEC2F89005A5730 /* Sources */ = {
			isa = PBXSourcesBuildPhase;
			buildActionMask = 2147483647;
			files = (
				CDF71A2D2EEC2F89005A5730 /* ContentView.swift in Sources */,
				CDF71A2F2EEC2F89005A5730 /* Item.swift in Sources */,
				CDE2E1F22EEE8A2D004B8FF0 /* ForumField.swift in Sources */,
				CDE2E1F42EEEB4F9004B8FF0 /* RegistrationView.swift in Sources */,
				CDE2E1F02EED6F32004B8FF0 /* LoginView.swift in Sources */,
				CD050BDE2EF14B6B00027BD5 /* User.swift in Sources */,
				CD050BD92EF147E100027BD5 /* SettingsRow.swift in Sources */,
				CD050BD72EF0A34600027BD5 /* ProfileView.swift in Sources */,
				CDF71A2B2EEC2F89005A5730 /* Modern_Sign_In_UpApp.swift in Sources */,
			);
			runOnlyForDeploymentPostprocessing = 0;
		};
/* End PBXSourcesBuildPhase section */

/* Begin XCBuildConfiguration section */
		CDF71A352EEC2F8D005A5730 /* Debug */ = {
			isa = XCBuildConfiguration;
			buildSettings = {
				ALWAYS_SEARCH_USER_PATHS = NO;
				ASSETCATALOG_COMPILER_GENERATE_SWIFT_ASSET_SYMBOL_EXTENSIONS = YES;
				CLANG_ANALYZER_NONNULL = YES;
				CLANG_ANALYZER_NUMBER_OBJECT_CONVERSION = YES_AGGRESSIVE;
				CLANG_CXX_LANGUAGE_STANDARD = "gnu++20";
				CLANG_ENABLE_MODULES = YES;
				CLANG_ENABLE_OBJC_ARC = YES;
				CLANG_ENABLE_OBJC_WEAK = YES;
				CLANG_WARN_BLOCK_CAPTURE_AUTORELEASING = YES;
				CLANG_WARN_BOOL_CONVERSION = YES;
				CLANG_WARN_COMMA = YES;
				CLANG_WARN_CONSTANT_CONVERSION = YES;
				CLANG_WARN_DEPRECATED_OBJC_IMPLEMENTATIONS = YES;
				CLANG_WARN_DIRECT_OBJC_ISA_USAGE = YES_ERROR;
				CLANG_WARN_DOCUMENTATION_COMMENTS = YES;
				CLANG_WARN_EMPTY_BODY = YES;
				CLANG_WARN_ENUM_CONVERSION = YES;
				CLANG_WARN_INFINITE_RECURSION = YES;
				CLANG_WARN_INT_CONVERSION = YES;
				CLANG_WARN_NON_LITERAL_NULL_CONVERSION = YES;
				CLANG_WARN_OBJC_IMPLICIT_RETAIN_SELF = YES;
				CLANG_WARN_OBJC_LITERAL_CONVERSION = YES;
				CLANG_WARN_OBJC_ROOT_CLASS = YES_ERROR;
				CLANG_WARN_QUOTED_INCLUDE_IN_FRAMEWORK_HEADER = YES;
				CLANG_WARN_RANGE_LOOP_ANALYSIS = YES;
				CLANG_WARN_STRICT_PROTOTYPES = YES;
				CLANG_WARN_SUSPICIOUS_MOVE = YES;
				CLANG_WARN_UNGUARDED_AVAILABILITY = YES_AGGRESSIVE;
				CLANG_WARN_UNREACHABLE_CODE = YES;
				CLANG_WARN__DUPLICATE_METHOD_MATCH = YES;
				COPY_PHASE_STRIP = NO;
				DEBUG_INFORMATION_FORMAT = dwarf;
				ENABLE_STRICT_OBJC_MSGSEND = YES;
				ENABLE_TESTABILITY = YES;
				ENABLE_USER_SCRIPT_SANDBOXING = YES;
				GCC_C_LANGUAGE_STANDARD = gnu17;
				GCC_DYNAMIC_NO_PIC = NO;
				GCC_NO_COMMON_BLOCKS = YES;
				GCC_OPTIMIZATION_LEVEL = 0;
				GCC_PREPROCESSOR_DEFINITIONS = (
					"DEBUG=1",
					"$(inherited)",
				);
				GCC_WARN_64_TO_32_BIT_CONVERSION = YES;
				GCC_WARN_ABOUT_RETURN_TYPE = YES_ERROR;
				GCC_WARN_UNDECLARED_SELECTOR = YES;
				GCC_WARN_UNINITIALIZED_AUTOS = YES_AGGRESSIVE;
				GCC_WARN_UNUSED_FUNCTION = YES;
				GCC_WARN_UNUSED_VARIABLE = YES;
				IPHONEOS_DEPLOYMENT_TARGET = 17.4;
				LOCALIZATION_PREFERS_STRING_CATALOGS = YES;
				MTL_ENABLE_DEBUG_INFO = INCLUDE_SOURCE;
				MTL_FAST_MATH = YES;
				ONLY_ACTIVE_ARCH = YES;
				SDKROOT = iphoneos;
				SWIFT_ACTIVE_COMPILATION_CONDITIONS = "DEBUG $(inherited)";
				SWIFT_OPTIMIZATION_LEVEL = "-Onone";
			};
			name = Debug;
		};
		CDF71A362EEC2F8D005A5730 /* Release */ = {
			isa = XCBuildConfiguration;
			buildSettings = {
				ALWAYS_SEARCH_USER_PATHS = NO;
				ASSETCATALOG_COMPILER_GENERATE_SWIFT_ASSET_SYMBOL_EXTENSIONS = YES;
				CLANG_ANALYZER_NONNULL = YES;
				CLANG_ANALYZER_NUMBER_OBJECT_CONVERSION = YES_AGGRESSIVE;
				CLANG_CXX_LANGUAGE_STANDARD = "gnu++20";
				CLANG_ENABLE_MODULES = YES;
				CLANG_ENABLE_OBJC_ARC = YES;
				CLANG_ENABLE_OBJC_WEAK = YES;
				CLANG_WARN_BLOCK_CAPTURE_AUTORELEASING = YES;
				CLANG_WARN_BOOL_CONVERSION = YES;
				CLANG_WARN_COMMA = YES;
				CLANG_WARN_CONSTANT_CONVERSION = YES;
				CLANG_WARN_DEPRECATED_OBJC_IMPLEMENTATIONS = YES;
				CLANG_WARN_DIRECT_OBJC_ISA_USAGE = YES_ERROR;
				CLANG_WARN_DOCUMENTATION_COMMENTS = YES;
				CLANG_WARN_EMPTY_BODY = YES;
				CLANG_WARN_ENUM_CONVERSION = YES;
				CLANG_WARN_INFINITE_RECURSION = YES;
				CLANG_WARN_INT_CONVERSION = YES;
				CLANG_WARN_NON_LITERAL_NULL_CONVERSION = YES;
				CLANG_WARN_OBJC_IMPLICIT_RETAIN_SELF = YES;
				CLANG_WARN_OBJC_LITERAL_CONVERSION = YES;
				CLANG_WARN_OBJC_ROOT_CLASS = YES_ERROR;
				CLANG_WARN_QUOTED_INCLUDE_IN_FRAMEWORK_HEADER = YES;
				CLANG_WARN_RANGE_LOOP_ANALYSIS = YES;
				CLANG_WARN_STRICT_PROTOTYPES = YES;
				CLANG_WARN_SUSPICIOUS_MOVE = YES;
				CLANG_WARN_UNGUARDED_AVAILABILITY = YES_AGGRESSIVE;
				CLANG_WARN_UNREACHABLE_CODE = YES;
				CLANG_WARN__DUPLICATE_METHOD_MATCH = YES;
				COPY_PHASE_STRIP = NO;
				DEBUG_INFORMATION_FORMAT = "dwarf-with-dsym";
				ENABLE_NS_ASSERTIONS = NO;
				ENABLE_STRICT_OBJC_MSGSEND = YES;
				ENABLE_USER_SCRIPT_SANDBOXING = YES;
				GCC_C_LANGUAGE_STANDARD = gnu17;
				GCC_NO_COMMON_BLOCKS = YES;
				GCC_WARN_64_TO_32_BIT_CONVERSION = YES;
				GCC_WARN_ABOUT_RETURN_TYPE = YES_ERROR;
				GCC_WARN_UNDECLARED_SELECTOR = YES;
				GCC_WARN_UNINITIALIZED_AUTOS = YES_AGGRESSIVE;
				GCC_WARN_UNUSED_FUNCTION = YES;
				GCC_WARN_UNUSED_VARIABLE = YES;
				IPHONEOS_DEPLOYMENT_TARGET = 17.4;
				LOCALIZATION_PREFERS_STRING_CATALOGS = YES;
				MTL_ENABLE_DEBUG_INFO = NO;
				MTL_FAST_MATH = YES;
				SDKROOT = iphoneos;
				SWIFT_COMPILATION_MODE = wholemodule;
				VALIDATE_PRODUCT = YES;
			};
			name = Release;
		};
		CDF71A382EEC2F8D005A5730 /* Debug */ = {
			isa = XCBuildConfiguration;
			buildSettings = {
				ASSETCATALOG_COMPILER_APPICON_NAME = AppIcon;
				ASSETCATALOG_COMPILER_GLOBAL_ACCENT_COLOR_NAME = AccentColor;
				CODE_SIGN_STYLE = Automatic;
				CURRENT_PROJECT_VERSION = 1;
				DEVELOPMENT_ASSET_PATHS = "\"Modern-Sign-In-Up/Preview Content\"";
				DEVELOPMENT_TEAM = DNCY4H5B6G;
				ENABLE_PREVIEWS = YES;
				GENERATE_INFOPLIST_FILE = YES;
				INFOPLIST_KEY_UIApplicationSceneManifest_Generation = YES;
				INFOPLIST_KEY_UIApplicationSupportsIndirectInputEvents = YES;
				INFOPLIST_KEY_UILaunchScreen_Generation = YES;
				INFOPLIST_KEY_UISupportedInterfaceOrientations_iPad = "UIInterfaceOrientationPortrait UIInterfaceOrientationPortraitUpsideDown UIInterfaceOrientationLandscapeLeft UIInterfaceOrientationLandscapeRight";
				INFOPLIST_KEY_UISupportedInterfaceOrientations_iPhone = "UIInterfaceOrientationPortrait UIInterfaceOrientationLandscapeLeft UIInterfaceOrientationLandscapeRight";
				LD_RUNPATH_SEARCH_PATHS = (
					"$(inherited)",
					"@executable_path/Frameworks",
				);
				MARKETING_VERSION = 1.0;
				PRODUCT_BUNDLE_IDENTIFIER = "com.HyperM0.Modern-Sign-In-Up";
				PRODUCT_NAME = "$(TARGET_NAME)";
				SWIFT_EMIT_LOC_STRINGS = YES;
				SWIFT_VERSION = 5.0;
				TARGETED_DEVICE_FAMILY = "1,2";
			};
			name = Debug;
		};
		CDF71A392EEC2F8D005A5730 /* Release */ = {
			isa = XCBuildConfiguration;
			buildSettings = {
				ASSETCATALOG_COMPILER_APPICON_NAME = AppIcon;
				ASSETCATALOG_COMPILER_GLOBAL_ACCENT_COLOR_NAME = AccentColor;
				CODE_SIGN_STYLE = Automatic;
				CURRENT_PROJECT_VERSION = 1;
				DEVELOPMENT_ASSET_PATHS = "\"Modern-Sign-In-Up/Preview Content\"";
				DEVELOPMENT_TEAM = DNCY4H5B6G;
				ENABLE_PREVIEWS = YES;
				GENERATE_INFOPLIST_FILE = YES;
				INFOPLIST_KEY_UIApplicationSceneManifest_Generation = YES;
				INFOPLIST_KEY_UIApplicationSupportsIndirectInputEvents = YES;
				INFOPLIST_KEY_UILaunchScreen_Generation = YES;
				INFOPLIST_KEY_UISupportedInterfaceOrientations_iPad = "UIInterfaceOrientationPortrait UIInterfaceOrientationPortraitUpsideDown UIInterfaceOrientationLandscapeLeft UIInterfaceOrientationLandscapeRight";
				INFOPLIST_KEY_UISupportedInterfaceOrientations_iPhone = "UIInterfaceOrientationPortrait UIInterfaceOrientationLandscapeLeft UIInterfaceOrientationLandscapeRight";
				LD_RUNPATH_SEARCH_PATHS = (
					"$(inherited)",
					"@executable_path/Frameworks",
				);
				MARKETING_VERSION = 1.0;
				PRODUCT_BUNDLE_IDENTIFIER = "com.HyperM0.Modern-Sign-In-Up";
				PRODUCT_NAME = "$(TARGET_NAME)";
				SWIFT_EMIT_LOC_STRINGS = YES;
				SWIFT_VERSION = 5.0;
				TARGETED_DEVICE_FAMILY = "1,2";
			};
			name = Release;
		};
/* End XCBuildConfiguration section */

/* Begin XCConfigurationList section */
		CDF71A222EEC2F89005A5730 /* Build configuration list for PBXProject "Modern-Sign-In-Up" */ = {
			isa = XCConfigurationList;
			buildConfigurations = (
				CDF71A352EEC2F8D005A5730 /* Debug */,
				CDF71A362EEC2F8D005A5730 /* Release */,
			);
			defaultConfigurationIsVisible = 0;
			defaultConfigurationName = Release;
		};
		CDF71A372EEC2F8D005A5730 /* Build configuration list for PBXNativeTarget "Modern-Sign-In-Up" */ = {
			isa = XCConfigurationList;
			buildConfigurations = (
				CDF71A382EEC2F8D005A5730 /* Debug */,
				CDF71A392EEC2F8D005A5730 /* Release */,
			);
			defaultConfigurationIsVisible = 0;
			defaultConfigurationName = Release;
		};
/* End XCConfigurationList section */
	};
	rootObject = CDF71A1F2EEC2F89005A5730 /* Project object */;
}
